
Microsoft Visual Studio Solution File, Format Version 12.00
# Visual Studio Version 17
VisualStudioVersion = 17.5.33424.131
MinimumVisualStudioVersion = 10.0.40219.1
Project("{FAE04EC0-301F-11D3-BF4B-00C04F79EFBC}") = "Server", "Server\Server.csproj", "{E272B30D-5BC3-4788-A5AB-E3536713B30B}"
EndProject
Global
	GlobalSection(SolutionConfigurationPlatforms) = preSolution
		Debug|Any CPU = Debug|Any CPU
		Release|Any CPU = Release|Any CPU
	EndGlobalSection
	GlobalSection(ProjectConfigurationPlatforms) = postSolution
		{E272B30D-5BC3-4788-A5AB-E3536713B30B}.Debug|Any CPU.ActiveCfg = Debug|Any CPU
		{E272B30D-5BC3-4788-A5AB-E3536713B30B}.Debug|Any CPU.Build.0 = Debug|Any CPU
		{E272B30D-5BC3-4788-A5AB-E3536713B30B}.Release|Any CPU.ActiveCfg = Release|Any CPU
		{E272B30D-5BC3-4788-A5AB-E3536713B30B}.Release|Any CPU.Build.0 = Release|Any CPU
	EndGlobalSection
	GlobalSection(SolutionProperties) = preSolution
		HideSolutionNode = FALSE
	EndGlobalSection
	GlobalSection(ExtensibilityGlobals) = postSolution
		SolutionGuid = {2A5DA40C-621C-4CFC-BD02-8E85AA4B6407}
	EndGlobalSection
EndGlobal
